github.com/google/go-cmp v0.5.9 h1:O2Tfq5qg4qc4AmwVlvv0oLiVAGB7enBSJ2x2DqQFi38=
github.com/google/go-cmp v0.5.9/go.mod h1:17dUlkBOakJ0+DkrSSNjCkIjxS6bF9zb3elmeNGIjoY=
github.com/luraproject/lura/v2 v2.0.5 h1:Mc4uj37s7mv6qRLy+Uo983CiaITPSVJYooeUilbiD+k=
github.com/luraproject/lura/v2 v2.0.5/go.mod h1:r2N4j89Snm1j+Y9CCa9cYR1T2ETRL0E4y9P+DgymqX4=
golang.org/x/oauth2 v0.27.0 h1:da9Vo7/tDv5RH/7nZDz1eMGS/q1Vv1N/7FCrBhI9I3M=
golang.org/x/oauth2 v0.27.0/go.mod h1:onh5ek6nERTohokkhCD/y2cV4Do3fxFHFuAejCkRWT8=
